{
  "name": "evernote-backup",
  "version": "1.0.0",
  "lockfileVersion": 2,
  "requires": true,
  "packages": {
    "": {
      "name": "evernote-backup",
      "version": "1.0.0",
      "license": "ISC",
      "dependencies": {
        "emoji-strip": "^1.0.1",
        "evernote": "^2.0.5",
        "remove-accents": "^0.4.2",
        "sanitize-filename": "^1.6.3"
      }
    },
    "node_modules/emoji-regex": {
      "version": "6.5.1",
      "resolved": "https://registry.npmjs.org/emoji-regex/-/emoji-regex-6.5.1.tgz",
      "integrity": "sha512-PAHp6TxrCy7MGMFidro8uikr+zlJJKJ/Q6mm2ExZ7HwkyR9lSVFfE3kt36qcwa24BQL7y0G9axycGjK1A/0uNQ=="
    },
    "node_modules/emoji-strip": {
      "version": "1.0.1",
      "resolved": "https://registry.npmjs.org/emoji-strip/-/emoji-strip-1.0.1.tgz",
      "integrity": "sha1-z5OQU1BEEhiIQgrk20NtA6bMRZ0=",
      "dependencies": {
        "emoji-regex": "^6.1.3"
      }
    },
    "node_modules/evernote": {
      "version": "2.0.5",
      "resolved": "https://registry.npmjs.org/evernote/-/evernote-2.0.5.tgz",
      "integrity": "sha512-DuOk3t9HKwkxZBaZU1Mz8vmZSEM2LVI3eLdML90Is3+8WlPwpYcLeo4z+eklT8NUGD3GA6oOnlP+6e0z0rDX1Q==",
      "dependencies": {
        "oauth": "^0.9.14"
      }
    },
    "node_modules/oauth": {
      "version": "0.9.15",
      "resolved": "https://registry.npmjs.org/oauth/-/oauth-0.9.15.tgz",
      "integrity": "sha1-vR/vr2hslrdUda7VGWQS/2DPucE="
    },
    "node_modules/remove-accents": {
      "version": "0.4.2",
      "resolved": "https://registry.npmjs.org/remove-accents/-/remove-accents-0.4.2.tgz",
      "integrity": "sha1-CkPTqq4egNuRngeuJUsoXZ4ce7U="
    },
    "node_modules/sanitize-filename": {
      "version": "1.6.3",
      "resolved": "https://registry.npmjs.org/sanitize-filename/-/sanitize-filename-1.6.3.tgz",
      "integrity": "sha512-y/52Mcy7aw3gRm7IrcGDFx/bCk4AhRh2eI9luHOQM86nZsqwiRkkq2GekHXBBD+SmPidc8i2PqtYZl+pWJ8Oeg==",
      "dependencies": {
        "truncate-utf8-bytes": "^1.0.0"
      }
    },
    "node_modules/truncate-utf8-bytes": {
      "version": "1.0.2",
      "resolved": "https://registry.npmjs.org/truncate-utf8-bytes/-/truncate-utf8-bytes-1.0.2.tgz",
      "integrity": "sha1-QFkjkJWS1W94pYGENLC3hInKXys=",
      "dependencies": {
        "utf8-byte-length": "^1.0.1"
      }
    },
    "node_modules/utf8-byte-length": {
      "version": "1.0.4",
      "resolved": "https://registry.npmjs.org/utf8-byte-length/-/utf8-byte-length-1.0.4.tgz",
      "integrity": "sha1-9F8VDExm7uloGGUFq5P8u4rWv2E="
    }
  },
  "dependencies": {
    "emoji-regex": {
      "version": "6.5.1",
      "resolved": "https://registry.npmjs.org/emoji-regex/-/emoji-regex-6.5.1.tgz",
      "integrity": "sha512-PAHp6TxrCy7MGMFidro8uikr+zlJJKJ/Q6mm2ExZ7HwkyR9lSVFfE3kt36qcwa24BQL7y0G9axycGjK1A/0uNQ=="
    },
    "emoji-strip": {
      "version": "1.0.1",
      "resolved": "https://registry.npmjs.org/emoji-strip/-/emoji-strip-1.0.1.tgz",
      "integrity": "sha1-z5OQU1BEEhiIQgrk20NtA6bMRZ0=",
      "requires": {
        "emoji-regex": "^6.1.3"
      }
    },
    "evernote": {
      "version": "2.0.5",
      "resolved": "https://registry.npmjs.org/evernote/-/evernote-2.0.5.tgz",
      "integrity": "sha512-DuOk3t9HKwkxZBaZU1Mz8vmZSEM2LVI3eLdML90Is3+8WlPwpYcLeo4z+eklT8NUGD3GA6oOnlP+6e0z0rDX1Q==",
      "requires": {
        "oauth": "^0.9.14"
      }
    },
    "oauth": {
      "version": "0.9.15",
      "resolved": "https://registry.npmjs.org/oauth/-/oauth-0.9.15.tgz",
      "integrity": "sha1-vR/vr2hslrdUda7VGWQS/2DPucE="
    },
    "remove-accents": {
      "version": "0.4.2",
      "resolved": "https://registry.npmjs.org/remove-accents/-/remove-accents-0.4.2.tgz",
      "integrity": "sha1-CkPTqq4egNuRngeuJUsoXZ4ce7U="
    },
    "sanitize-filename": {
      "version": "1.6.3",
      "resolved": "https://registry.npmjs.org/sanitize-filename/-/sanitize-filename-1.6.3.tgz",
      "integrity": "sha512-y/52Mcy7aw3gRm7IrcGDFx/bCk4AhRh2eI9luHOQM86nZsqwiRkkq2GekHXBBD+SmPidc8i2PqtYZl+pWJ8Oeg==",
      "requires": {
        "truncate-utf8-bytes": "^1.0.0"
      }
    },
    "truncate-utf8-bytes": {
      "version": "1.0.2",
      "resolved": "https://registry.npmjs.org/truncate-utf8-bytes/-/truncate-utf8-bytes-1.0.2.tgz",
      "integrity": "sha1-QFkjkJWS1W94pYGENLC3hInKXys=",
      "requires": {
        "utf8-byte-length": "^1.0.1"
      }
    },
    "utf8-byte-length": {
      "version": "1.0.4",
      "resolved": "https://registry.npmjs.org/utf8-byte-length/-/utf8-byte-length-1.0.4.tgz",
      "integrity": "sha1-9F8VDExm7uloGGUFq5P8u4rWv2E="
    }
  }
}
